
Microsoft Visual Studio Solution File, Format Version 12.00
# Visual Studio Version 16
VisualStudioVersion = 16.0.29613.14
MinimumVisualStudioVersion = 10.0.40219.1
Project("{FAE04EC0-301F-11D3-BF4B-00C04F79EFBC}") = "Tutorial", "Tutorial\Tutorial.csproj", "{797B179C-C042-4857-A3BE-FD93FDC1804F}"
EndProject
Global
	GlobalSection(SolutionConfigurationPlatforms) = preSolution
		Debug|Any CPU = Debug|Any CPU
		Release|Any CPU = Release|Any CPU
	EndGlobalSection
	GlobalSection(ProjectConfigurationPlatforms) = postSolution
		{797B179C-C042-4857-A3BE-FD93FDC1804F}.Debug|Any CPU.ActiveCfg = Debug|Any CPU
		{797B179C-C042-4857-A3BE-FD93FDC1804F}.Debug|Any CPU.Build.0 = Debug|Any CPU
		{797B179C-C042-4857-A3BE-FD93FDC1804F}.Release|Any CPU.ActiveCfg = Release|Any CPU
		{797B179C-C042-4857-A3BE-FD93FDC1804F}.Release|Any CPU.Build.0 = Release|Any CPU
	EndGlobalSection
	GlobalSection(SolutionProperties) = preSolution
		HideSolutionNode = FALSE
	EndGlobalSection
	GlobalSection(ExtensibilityGlobals) = postSolution
		SolutionGuid = {62BA91D3-56E7-4381-90B4-07A54AC8F9BF}
	EndGlobalSection
EndGlobal
